
Microsoft Visual Studio Solution File, Format Version 12.00
# Visual Studio 2013
VisualStudioVersion = 12.0.30723.0
MinimumVisualStudioVersion = 10.0.40219.1
Project("{FAE04EC0-301F-11D3-BF4B-00C04F79EFBC}") = "GSGA-Poker.App", "gsgaPoker\GSGA-Poker.App.csproj", "{0EF8D4E6-8225-4BCD-9846-DC39CA7B7EC5}"
EndProject
Global
	GlobalSection(SolutionConfigurationPlatforms) = preSolution
		Debug|Any CPU = Debug|Any CPU
		Release|Any CPU = Release|Any CPU
	EndGlobalSection
	GlobalSection(ProjectConfigurationPlatforms) = postSolution
		{0EF8D4E6-8225-4BCD-9846-DC39CA7B7EC5}.Debug|Any CPU.ActiveCfg = Debug|Any CPU
		{0EF8D4E6-8225-4BCD-9846-DC39CA7B7EC5}.Debug|Any CPU.Build.0 = Debug|Any CPU
		{0EF8D4E6-8225-4BCD-9846-DC39CA7B7EC5}.Release|Any CPU.ActiveCfg = Release|Any CPU
		{0EF8D4E6-8225-4BCD-9846-DC39CA7B7EC5}.Release|Any CPU.Build.0 = Release|Any CPU
	EndGlobalSection
	GlobalSection(SolutionProperties) = preSolution
		HideSolutionNode = FALSE
	EndGlobalSection
EndGlobal
